// !$*UTF8*$!
{
	archiveVersion = 1;
	classes = {
	};
	objectVersion = 50;
	objects = {

/* Begin PBXBuildFile section */
		704A6E8D2602898200B0EF8F /* AppDelegate.swift in Sources */ = {isa = PBXBuildFile; fileRef = 704A6E8C2602898200B0EF8F /* AppDelegate.swift */; };
		704A6E8F2602898200B0EF8F /* SceneDelegate.swift in Sources */ = {isa = PBXBuildFile; fileRef = 704A6E8E2602898200B0EF8F /* SceneDelegate.swift */; };
		704A6E912602898200B0EF8F /* ViewController.swift in Sources */ = {isa = PBXBuildFile; fileRef = 704A6E902602898200B0EF8F /* ViewController.swift */; };
		704A6E942602898200B0EF8F /* Main.storyboard in Resources */ = {isa = PBXBuildFile; fileRef = 704A6E922602898200B0EF8F /* Main.storyboard */; };
		704A6E962602898700B0EF8F /* Assets.xcassets in Resources */ = {isa = PBXBuildFile; fileRef = 704A6E952602898700B0EF8F /* Assets.xcassets */; };
		704A6E992602898700B0EF8F /* LaunchScreen.storyboard in Resources */ = {isa = PBXBuildFile; fileRef = 704A6E972602898700B0EF8F /* LaunchScreen.storyboard */; };
		704A6EA42602898700B0EF8F /* Read_OutTests.swift in Sources */ = {isa = PBXBuildFile; fileRef = 704A6EA32602898700B0EF8F /* Read_OutTests.swift */; };
		704A6EAF2602898700B0EF8F /* Read_OutUITests.swift in Sources */ = {isa = PBXBuildFile; fileRef = 704A6EAE2602898700B0EF8F /* Read_OutUITests.swift */; };
/* End PBXBuildFile section */

/* Begin PBXContainerItemProxy section */
		704A6EA02602898700B0EF8F /* PBXContainerItemProxy */ = {
			isa = PBXContainerItemProxy;
			containerPortal = 704A6E812602898200B0EF8F /* Project object */;
			proxyType = 1;
			remoteGlobalIDString = 704A6E882602898200B0EF8F;
			remoteInfo = "Read Out";
		};
		704A6EAB2602898700B0EF8F /* PBXContainerItemProxy */ = {
			isa = PBXContainerItemProxy;
			containerPortal = 704A6E812602898200B0EF8F /* Project object */;
			proxyType = 1;
			remoteGlobalIDString = 704A6E882602898200B0EF8F;
			remoteInfo = "Read Out";
		};
/* End PBXContainerItemProxy section */

/* Begin PBXFileReference section */
		704A6E892602898200B0EF8F /* Read Out.app */ = {isa = PBXFileReference; explicitFileType = wrapper.application; includeInIndex = 0; path = "Read Out.app"; sourceTree = BUILT_PRODUCTS_DIR; };
		704A6E8C2602898200B0EF8F /* AppDelegate.swift */ = {isa = PBXFileReference; lastKnownFileType = sourcecode.swift; path = AppDelegate.swift; sourceTree = "<group>"; };
		704A6E8E2602898200B0EF8F /* SceneDelegate.swift */ = {isa = PBXFileReference; lastKnownFileType = sourcecode.swift; path = SceneDelegate.swift; sourceTree = "<group>"; };
		704A6E902602898200B0EF8F /* ViewController.swift */ = {isa = PBXFileReference; lastKnownFileType = sourcecode.swift; path = ViewController.swift; sourceTree = "<group>"; };
		704A6E932602898200B0EF8F /* Base */ = {isa = PBXFileReference; lastKnownFileType = file.storyboard; name = Base; path = Base.lproj/Main.storyboard; sourceTree = "<group>"; };
		704A6E952602898700B0EF8F /* Assets.xcassets */ = {isa = PBXFileReference; lastKnownFileType = folder.assetcatalog; path = Assets.xcassets; sourceTree = "<group>"; };
		704A6E982602898700B0EF8F /* Base */ = {isa = PBXFileReference; lastKnownFileType = file.storyboard; name = Base; path = Base.lproj/LaunchScreen.storyboard; sourceTree = "<group>"; };
		704A6E9A2602898700B0EF8F /* Info.plist */ = {isa = PBXFileReference; lastKnownFileType = text.plist.xml; path = Info.plist; sourceTree = "<group>"; };
		704A6E9F2602898700B0EF8F /* Read OutTests.xctest */ = {isa = PBXFileReference; explicitFileType = wrapper.cfbundle; includeInIndex = 0; path = "Read OutTests.xctest"; sourceTree = BUILT_PRODUCTS_DIR; };
		704A6EA32602898700B0EF8F /* Read_OutTests.swift */ = {isa = PBXFileReference; lastKnownFileType = sourcecode.swift; path = Read_OutTests.swift; sourceTree = "<group>"; };
		704A6EA52602898700B0EF8F /* Info.plist */ = {isa = PBXFileReference; lastKnownFileType = text.plist.xml; path = Info.plist; sourceTree = "<group>"; };
		704A6EAA2602898700B0EF8F /* Read OutUITests.xctest */ = {isa = PBXFileReference; explicitFileType = wrapper.cfbundle; includeInIndex = 0; path = "Read OutUITests.xctest"; sourceTree = BUILT_PRODUCTS_DIR; };
		704A6EAE2602898700B0EF8F /* Read_OutUITests.swift */ = {isa = PBXFileReference; lastKnownFileType = sourcecode.swift; path = Read_OutUITests.swift; sourceTree = "<group>"; };
		704A6EB02602898700B0EF8F /* Info.plist */ = {isa = PBXFileReference; lastKnownFileType = text.plist.xml; path = Info.plist; sourceTree = "<group>"; };
/* End PBXFileReference section */

/* Begin PBXFrameworksBuildPhase section */
		704A6E862602898200B0EF8F /* Frameworks */ = {
			isa = PBXFrameworksBuildPhase;
			buildActionMask = 2147483647;
			files = (
			);
			runOnlyForDeploymentPostprocessing = 0;
		};
		704A6E9C2602898700B0EF8F /* Frameworks */ = {
			isa = PBXFrameworksBuildPhase;
			buildActionMask = 2147483647;
			files = (
			);
			runOnlyForDeploymentPostprocessing = 0;
		};
		704A6EA72602898700B0EF8F /* Frameworks */ = {
			isa = PBXFrameworksBuildPhase;
			buildActionMask = 2147483647;
			files = (
			);
			runOnlyForDeploymentPostprocessing = 0;
		};
/* End PBXFrameworksBuildPhase section */

/* Begin PBXGroup section */
		704A6E802602898200B0EF8F = {
			isa = PBXGroup;
			children = (
				704A6E8B2602898200B0EF8F /* Read Out */,
				704A6EA22602898700B0EF8F /* Read OutTests */,
				704A6EAD2602898700B0EF8F /* Read OutUITests */,
				704A6E8A2602898200B0EF8F /* Products */,
			);
			sourceTree = "<group>";
		};
		704A6E8A2602898200B0EF8F /* Products */ = {
			isa = PBXGroup;
			children = (
				704A6E892602898200B0EF8F /* Read Out.app */,
				704A6E9F2602898700B0EF8F /* Read OutTests.xctest */,
				704A6EAA2602898700B0EF8F /* Read OutUITests.xctest */,
			);
			name = Products;
			sourceTree = "<group>";
		};
		704A6E8B2602898200B0EF8F /* Read Out */ = {
			isa = PBXGroup;
			children = (
				704A6E8C2602898200B0EF8F /* AppDelegate.swift */,
				704A6E8E2602898200B0EF8F /* SceneDelegate.swift */,
				704A6E902602898200B0EF8F /* ViewController.swift */,
				704A6E922602898200B0EF8F /* Main.storyboard */,
				704A6E952602898700B0EF8F /* Assets.xcassets */,
				704A6E972602898700B0EF8F /* LaunchScreen.storyboard */,
				704A6E9A2602898700B0EF8F /* Info.plist */,
			);
			path = "Read Out";
			sourceTree = "<group>";
		};
		704A6EA22602898700B0EF8F /* Read OutTests */ = {
			isa = PBXGroup;
			children = (
				704A6EA32602898700B0EF8F /* Read_OutTests.swift */,
				704A6EA52602898700B0EF8F /* Info.plist */,
			);
			path = "Read OutTests";
			sourceTree = "<group>";
		};
		704A6EAD2602898700B0EF8F /* Read OutUITests */ = {
			isa = PBXGroup;
			children = (
				704A6EAE2602898700B0EF8F /* Read_OutUITests.swift */,
				704A6EB02602898700B0EF8F /* Info.plist */,
			);
			path = "Read OutUITests";
			sourceTree = "<group>";
		};
/* End PBXGroup section */

/* Begin PBXNativeTarget section */
		704A6E882602898200B0EF8F /* Read Out */ = {
			isa = PBXNativeTarget;
			buildConfigurationList = 704A6EB32602898700B0EF8F /* Build configuration list for PBXNativeTarget "Read Out" */;
			buildPhases = (
				704A6E852602898200B0EF8F /* Sources */,
				704A6E862602898200B0EF8F /* Frameworks */,
				704A6E872602898200B0EF8F /* Resources */,
			);
			buildRules = (
			);
			dependencies = (
			);
			name = "Read Out";
			productName = "Read Out";
			productReference = 704A6E892602898200B0EF8F /* Read Out.app */;
			productType = "com.apple.product-type.application";
		};
		704A6E9E2602898700B0EF8F /* Read OutTests */ = {
			isa = PBXNativeTarget;
			buildConfigurationList = 704A6EB62602898700B0EF8F /* Build configuration list for PBXNativeTarget "Read OutTests" */;
			buildPhases = (
				704A6E9B2602898700B0EF8F /* Sources */,
				704A6E9C2602898700B0EF8F /* Frameworks */,
				704A6E9D2602898700B0EF8F /* Resources */,
			);
			buildRules = (
			);
			dependencies = (
				704A6EA12602898700B0EF8F /* PBXTargetDependency */,
			);
			name = "Read OutTests";
			productName = "Read OutTests";
			productReference = 704A6E9F2602898700B0EF8F /* Read OutTests.xctest */;
			productType = "com.apple.product-type.bundle.unit-test";
		};
		704A6EA92602898700B0EF8F /* Read OutUITests */ = {
			isa = PBXNativeTarget;
			buildConfigurationList = 704A6EB92602898700B0EF8F /* Build configuration list for PBXNativeTarget "Read OutUITests" */;
			buildPhases = (
				704A6EA62602898700B0EF8F /* Sources */,
				704A6EA72602898700B0EF8F /* Frameworks */,
				704A6EA82602898700B0EF8F /* Resources */,
			);
			buildRules = (
			);
			dependencies = (
				704A6EAC2602898700B0EF8F /* PBXTargetDependency */,
			);
			name = "Read OutUITests";
			productName = "Read OutUITests";
			productReference = 704A6EAA2602898700B0EF8F /* Read OutUITests.xctest */;
			productType = "com.apple.product-type.bundle.ui-testing";
		};
/* End PBXNativeTarget section */

/* Begin PBXProject section */
		704A6E812602898200B0EF8F /* Project object */ = {
			isa = PBXProject;
			attributes = {
				LastSwiftUpdateCheck = 1240;
				LastUpgradeCheck = 1240;
				TargetAttributes = {
					704A6E882602898200B0EF8F = {
						CreatedOnToolsVersion = 12.4;
					};
					704A6E9E2602898700B0EF8F = {
						CreatedOnToolsVersion = 12.4;
						TestTargetID = 704A6E882602898200B0EF8F;
					};
					704A6EA92602898700B0EF8F = {
						CreatedOnToolsVersion = 12.4;
						TestTargetID = 704A6E882602898200B0EF8F;
					};
				};
			};
			buildConfigurationList = 704A6E842602898200B0EF8F /* Build configuration list for PBXProject "Read Out" */;
			compatibilityVersion = "Xcode 9.3";
			developmentRegion = en;
			hasScannedForEncodings = 0;
			knownRegions = (
				en,
				Base,
			);
			mainGroup = 704A6E802602898200B0EF8F;
			productRefGroup = 704A6E8A2602898200B0EF8F /* Products */;
			projectDirPath = "";
			projectRoot = "";
			targets = (
				704A6E882602898200B0EF8F /* Read Out */,
				704A6E9E2602898700B0EF8F /* Read OutTests */,
				704A6EA92602898700B0EF8F /* Read OutUITests */,
			);
		};
/* End PBXProject section */

/* Begin PBXResourcesBuildPhase section */
		704A6E872602898200B0EF8F /* Resources */ = {
			isa = PBXResourcesBuildPhase;
			buildActionMask = 2147483647;
			files = (
				704A6E992602898700B0EF8F /* LaunchScreen.storyboard in Resources */,
				704A6E962602898700B0EF8F /* Assets.xcassets in Resources */,
				704A6E942602898200B0EF8F /* Main.storyboard in Resources */,
			);
			runOnlyForDeploymentPostprocessing = 0;
		};
		704A6E9D2602898700B0EF8F /* Resources */ = {
			isa = PBXResourcesBuildPhase;
			buildActionMask = 2147483647;
			files = (
			);
			runOnlyForDeploymentPostprocessing = 0;
		};
		704A6EA82602898700B0EF8F /* Resources */ = {
			isa = PBXResourcesBuildPhase;
			buildActionMask = 2147483647;
			files = (
			);
			runOnlyForDeploymentPostprocessing = 0;
		};
/* End PBXResourcesBuildPhase section */

/* Begin PBXSourcesBuildPhase section */
		704A6E852602898200B0EF8F /* Sources */ = {
			isa = PBXSourcesBuildPhase;
			buildActionMask = 2147483647;
			files = (
				704A6E912602898200B0EF8F /* ViewController.swift in Sources */,
				704A6E8D2602898200B0EF8F /* AppDelegate.swift in Sources */,
				704A6E8F2602898200B0EF8F /* SceneDelegate.swift in Sources */,
			);
			runOnlyForDeploymentPostprocessing = 0;
		};
		704A6E9B2602898700B0EF8F /* Sources */ = {
			isa = PBXSourcesBuildPhase;
			buildActionMask = 2147483647;
			files = (
				704A6EA42602898700B0EF8F /* Read_OutTests.swift in Sources */,
			);
			runOnlyForDeploymentPostprocessing = 0;
		};
		704A6EA62602898700B0EF8F /* Sources */ = {
			isa = PBXSourcesBuildPhase;
			buildActionMask = 2147483647;
			files = (
				704A6EAF2602898700B0EF8F /* Read_OutUITests.swift in Sources */,
			);
			runOnlyForDeploymentPostprocessing = 0;
		};
/* End PBXSourcesBuildPhase section */

/* Begin PBXTargetDependency section */
		704A6EA12602898700B0EF8F /* PBXTargetDependency */ = {
			isa = PBXTargetDependency;
			target = 704A6E882602898200B0EF8F /* Read Out */;
			targetProxy = 704A6EA02602898700B0EF8F /* PBXContainerItemProxy */;
		};
		704A6EAC2602898700B0EF8F /* PBXTargetDependency */ = {
			isa = PBXTargetDependency;
			target = 704A6E882602898200B0EF8F /* Read Out */;
			targetProxy = 704A6EAB2602898700B0EF8F /* PBXContainerItemProxy */;
		};
/* End PBXTargetDependency section */

/* Begin PBXVariantGroup section */
		704A6E922602898200B0EF8F /* Main.storyboard */ = {
			isa = PBXVariantGroup;
			children = (
				704A6E932602898200B0EF8F /* Base */,
			);
			name = Main.storyboard;
			sourceTree = "<group>";
		};
		704A6E972602898700B0EF8F /* LaunchScreen.storyboard */ = {
			isa = PBXVariantGroup;
			children = (
				704A6E982602898700B0EF8F /* Base */,
			);
			name = LaunchScreen.storyboard;
			sourceTree = "<group>";
		};
/* End PBXVariantGroup section */

/* Begin XCBuildConfiguration section */
		704A6EB12602898700B0EF8F /* Debug */ = {
			isa = XCBuildConfiguration;
			buildSettings = {
				ALWAYS_SEARCH_USER_PATHS = NO;
				CLANG_ANALYZER_NONNULL = YES;
				CLANG_ANALYZER_NUMBER_OBJECT_CONVERSION = YES_AGGRESSIVE;
				CLANG_CXX_LANGUAGE_STANDARD = "gnu++14";
				CLANG_CXX_LIBRARY = "libc++";
				CLANG_ENABLE_MODULES = YES;
				CLANG_ENABLE_OBJC_ARC = YES;
				CLANG_ENABLE_OBJC_WEAK = YES;
				CLANG_WARN_BLOCK_CAPTURE_AUTORELEASING = YES;
				CLANG_WARN_BOOL_CONVERSION = YES;
				CLANG_WARN_COMMA = YES;
				CLANG_WARN_CONSTANT_CONVERSION = YES;
				CLANG_WARN_DEPRECATED_OBJC_IMPLEMENTATIONS = YES;
				CLANG_WARN_DIRECT_OBJC_ISA_USAGE = YES_ERROR;
				CLANG_WARN_DOCUMENTATION_COMMENTS = YES;
				CLANG_WARN_EMPTY_BODY = YES;
				CLANG_WARN_ENUM_CONVERSION = YES;
				CLANG_WARN_INFINITE_RECURSION = YES;
				CLANG_WARN_INT_CONVERSION = YES;
				CLANG_WARN_NON_LITERAL_NULL_CONVERSION = YES;
				CLANG_WARN_OBJC_IMPLICIT_RETAIN_SELF = YES;
				CLANG_WARN_OBJC_LITERAL_CONVERSION = YES;
				CLANG_WARN_OBJC_ROOT_CLASS = YES_ERROR;
				CLANG_WARN_QUOTED_INCLUDE_IN_FRAMEWORK_HEADER = YES;
				CLANG_WARN_RANGE_LOOP_ANALYSIS = YES;
				CLANG_WARN_STRICT_PROTOTYPES = YES;
				CLANG_WARN_SUSPICIOUS_MOVE = YES;
				CLANG_WARN_UNGUARDED_AVAILABILITY = YES_AGGRESSIVE;
				CLANG_WARN_UNREACHABLE_CODE = YES;
				CLANG_WARN__DUPLICATE_METHOD_MATCH = YES;
				COPY_PHASE_STRIP = NO;
				DEBUG_INFORMATION_FORMAT = dwarf;
				ENABLE_STRICT_OBJC_MSGSEND = YES;
				ENABLE_TESTABILITY = YES;
				GCC_C_LANGUAGE_STANDARD = gnu11;
				GCC_DYNAMIC_NO_PIC = NO;
				GCC_NO_COMMON_BLOCKS = YES;
				GCC_OPTIMIZATION_LEVEL = 0;
				GCC_PREPROCESSOR_DEFINITIONS = (
					"DEBUG=1",
					"$(inherited)",
				);
				GCC_WARN_64_TO_32_BIT_CONVERSION = YES;
				GCC_WARN_ABOUT_RETURN_TYPE = YES_ERROR;
				GCC_WARN_UNDECLARED_SELECTOR = YES;
				GCC_WARN_UNINITIALIZED_AUTOS = YES_AGGRESSIVE;
				GCC_WARN_UNUSED_FUNCTION = YES;
				GCC_WARN_UNUSED_VARIABLE = YES;
				IPHONEOS_DEPLOYMENT_TARGET = 14.4;
				MTL_ENABLE_DEBUG_INFO = INCLUDE_SOURCE;
				MTL_FAST_MATH = YES;
				ONLY_ACTIVE_ARCH = YES;
				SDKROOT = iphoneos;
				SWIFT_ACTIVE_COMPILATION_CONDITIONS = DEBUG;
				SWIFT_OPTIMIZATION_LEVEL = "-Onone";
			};
			name = Debug;
		};
		704A6EB22602898700B0EF8F /* Release */ = {
			isa = XCBuildConfiguration;
			buildSettings = {
				ALWAYS_SEARCH_USER_PATHS = NO;
				CLANG_ANALYZER_NONNULL = YES;
				CLANG_ANALYZER_NUMBER_OBJECT_CONVERSION = YES_AGGRESSIVE;
				CLANG_CXX_LANGUAGE_STANDARD = "gnu++14";
				CLANG_CXX_LIBRARY = "libc++";
				CLANG_ENABLE_MODULES = YES;
				CLANG_ENABLE_OBJC_ARC = YES;
				CLANG_ENABLE_OBJC_WEAK = YES;
				CLANG_WARN_BLOCK_CAPTURE_AUTORELEASING = YES;
				CLANG_WARN_BOOL_CONVERSION = YES;
				CLANG_WARN_COMMA = YES;
				CLANG_WARN_CONSTANT_CONVERSION = YES;
				CLANG_WARN_DEPRECATED_OBJC_IMPLEMENTATIONS = YES;
				CLANG_WARN_DIRECT_OBJC_ISA_USAGE = YES_ERROR;
				CLANG_WARN_DOCUMENTATION_COMMENTS = YES;
				CLANG_WARN_EMPTY_BODY = YES;
				CLANG_WARN_ENUM_CONVERSION = YES;
				CLANG_WARN_INFINITE_RECURSION = YES;
				CLANG_WARN_INT_CONVERSION = YES;
				CLANG_WARN_NON_LITERAL_NULL_CONVERSION = YES;
				CLANG_WARN_OBJC_IMPLICIT_RETAIN_SELF = YES;
				CLANG_WARN_OBJC_LITERAL_CONVERSION = YES;
				CLANG_WARN_OBJC_ROOT_CLASS = YES_ERROR;
				CLANG_WARN_QUOTED_INCLUDE_IN_FRAMEWORK_HEADER = YES;
				CLANG_WARN_RANGE_LOOP_ANALYSIS = YES;
				CLANG_WARN_STRICT_PROTOTYPES = YES;
				CLANG_WARN_SUSPICIOUS_MOVE = YES;
				CLANG_WARN_UNGUARDED_AVAILABILITY = YES_AGGRESSIVE;
				CLANG_WARN_UNREACHABLE_CODE = YES;
				CLANG_WARN__DUPLICATE_METHOD_MATCH = YES;
				COPY_PHASE_STRIP = NO;
				DEBUG_INFORMATION_FORMAT = "dwarf-with-dsym";
				ENABLE_NS_ASSERTIONS = NO;
				ENABLE_STRICT_OBJC_MSGSEND = YES;
				GCC_C_LANGUAGE_STANDARD = gnu11;
				GCC_NO_COMMON_BLOCKS = YES;
				GCC_WARN_64_TO_32_BIT_CONVERSION = YES;
				GCC_WARN_ABOUT_RETURN_TYPE = YES_ERROR;
				GCC_WARN_UNDECLARED_SELECTOR = YES;
				GCC_WARN_UNINITIALIZED_AUTOS = YES_AGGRESSIVE;
				GCC_WARN_UNUSED_FUNCTION = YES;
				GCC_WARN_UNUSED_VARIABLE = YES;
				IPHONEOS_DEPLOYMENT_TARGET = 14.4;
				MTL_ENABLE_DEBUG_INFO = NO;
				MTL_FAST_MATH = YES;
				SDKROOT = iphoneos;
				SWIFT_COMPILATION_MODE = wholemodule;
				SWIFT_OPTIMIZATION_LEVEL = "-O";
				VALIDATE_PRODUCT = YES;
			};
			name = Release;
		};
		704A6EB42602898700B0EF8F /* Debug */ = {
			isa = XCBuildConfiguration;
			buildSettings = {
				ASSETCATALOG_COMPILER_APPICON_NAME = AppIcon;
				ASSETCATALOG_COMPILER_GLOBAL_ACCENT_COLOR_NAME = AccentColor;
				CODE_SIGN_STYLE = Automatic;
				DEVELOPMENT_TEAM = C35DR2MHM7;
				INFOPLIST_FILE = "Read Out/Info.plist";
				LD_RUNPATH_SEARCH_PATHS = (
					"$(inherited)",
					"@executable_path/Frameworks",
				);
				PRODUCT_BUNDLE_IDENTIFIER = "com.swams.Read-Out";
				PRODUCT_NAME = "$(TARGET_NAME)";
				SWIFT_VERSION = 5.0;
				TARGETED_DEVICE_FAMILY = "1,2";
			};
			name = Debug;
		};
		704A6EB52602898700B0EF8F /* Release */ = {
			isa = XCBuildConfiguration;
			buildSettings = {
				ASSETCATALOG_COMPILER_APPICON_NAME = AppIcon;
				ASSETCATALOG_COMPILER_GLOBAL_ACCENT_COLOR_NAME = AccentColor;
				CODE_SIGN_STYLE = Automatic;
				DEVELOPMENT_TEAM = C35DR2MHM7;
				INFOPLIST_FILE = "Read Out/Info.plist";
				LD_RUNPATH_SEARCH_PATHS = (
					"$(inherited)",
					"@executable_path/Frameworks",
				);
				PRODUCT_BUNDLE_IDENTIFIER = "com.swams.Read-Out";
				PRODUCT_NAME = "$(TARGET_NAME)";
				SWIFT_VERSION = 5.0;
				TARGETED_DEVICE_FAMILY = "1,2";
			};
			name = Release;
		};
		704A6EB72602898700B0EF8F /* Debug */ = {
			isa = XCBuildConfiguration;
			buildSettings = {
				ALWAYS_EMBED_SWIFT_STANDARD_LIBRARIES = YES;
				BUNDLE_LOADER = "$(TEST_HOST)";
				CODE_SIGN_STYLE = Automatic;
				DEVELOPMENT_TEAM = C35DR2MHM7;
				INFOPLIST_FILE = "Read OutTests/Info.plist";
				IPHONEOS_DEPLOYMENT_TARGET = 14.4;
				LD_RUNPATH_SEARCH_PATHS = (
					"$(inherited)",
					"@executable_path/Frameworks",
					"@loader_path/Frameworks",
				);
				PRODUCT_BUNDLE_IDENTIFIER = "com.swams.Read-OutTests";
				PRODUCT_NAME = "$(TARGET_NAME)";
				SWIFT_VERSION = 5.0;
				TARGETED_DEVICE_FAMILY = "1,2";
				TEST_HOST = "$(BUILT_PRODUCTS_DIR)/Read Out.app/Read Out";
			};
			name = Debug;
		};
		704A6EB82602898700B0EF8F /* Release */ = {
			isa = XCBuildConfiguration;
			buildSettings = {
				ALWAYS_EMBED_SWIFT_STANDARD_LIBRARIES = YES;
				BUNDLE_LOADER = "$(TEST_HOST)";
				CODE_SIGN_STYLE = Automatic;
				DEVELOPMENT_TEAM = C35DR2MHM7;
				INFOPLIST_FILE = "Read OutTests/Info.plist";
				IPHONEOS_DEPLOYMENT_TARGET = 14.4;
				LD_RUNPATH_SEARCH_PATHS = (
					"$(inherited)",
					"@executable_path/Frameworks",
					"@loader_path/Frameworks",
				);
				PRODUCT_BUNDLE_IDENTIFIER = "com.swams.Read-OutTests";
				PRODUCT_NAME = "$(TARGET_NAME)";
				SWIFT_VERSION = 5.0;
				TARGETED_DEVICE_FAMILY = "1,2";
				TEST_HOST = "$(BUILT_PRODUCTS_DIR)/Read Out.app/Read Out";
			};
			name = Release;
		};
		704A6EBA2602898700B0EF8F /* Debug */ = {
			isa = XCBuildConfiguration;
			buildSettings = {
				ALWAYS_EMBED_SWIFT_STANDARD_LIBRARIES = YES;
				CODE_SIGN_STYLE = Automatic;
				DEVELOPMENT_TEAM = C35DR2MHM7;
				INFOPLIST_FILE = "Read OutUITests/Info.plist";
				LD_RUNPATH_SEARCH_PATHS = (
					"$(inherited)",
					"@executable_path/Frameworks",
					"@loader_path/Frameworks",
				);
				PRODUCT_BUNDLE_IDENTIFIER = "com.swams.Read-OutUITests";
				PRODUCT_NAME = "$(TARGET_NAME)";
				SWIFT_VERSION = 5.0;
				TARGETED_DEVICE_FAMILY = "1,2";
				TEST_TARGET_NAME = "Read Out";
			};
			name = Debug;
		};
		704A6EBB2602898700B0EF8F /* Release */ = {
			isa = XCBuildConfiguration;
			buildSettings = {
				ALWAYS_EMBED_SWIFT_STANDARD_LIBRARIES = YES;
				CODE_SIGN_STYLE = Automatic;
				DEVELOPMENT_TEAM = C35DR2MHM7;
				INFOPLIST_FILE = "Read OutUITests/Info.plist";
				LD_RUNPATH_SEARCH_PATHS = (
					"$(inherited)",
					"@executable_path/Frameworks",
					"@loader_path/Frameworks",
				);
				PRODUCT_BUNDLE_IDENTIFIER = "com.swams.Read-OutUITests";
				PRODUCT_NAME = "$(TARGET_NAME)";
				SWIFT_VERSION = 5.0;
				TARGETED_DEVICE_FAMILY = "1,2";
				TEST_TARGET_NAME = "Read Out";
			};
			name = Release;
		};
/* End XCBuildConfiguration section */

/* Begin XCConfigurationList section */
		704A6E842602898200B0EF8F /* Build configuration list for PBXProject "Read Out" */ = {
			isa = XCConfigurationList;
			buildConfigurations = (
				704A6EB12602898700B0EF8F /* Debug */,
				704A6EB22602898700B0EF8F /* Release */,
			);
			defaultConfigurationIsVisible = 0;
			defaultConfigurationName = Release;
		};
		704A6EB32602898700B0EF8F /* Build configuration list for PBXNativeTarget "Read Out" */ = {
			isa = XCConfigurationList;
			buildConfigurations = (
				704A6EB42602898700B0EF8F /* Debug */,
				704A6EB52602898700B0EF8F /* Release */,
			);
			defaultConfigurationIsVisible = 0;
			defaultConfigurationName = Release;
		};
		704A6EB62602898700B0EF8F /* Build configuration list for PBXNativeTarget "Read OutTests" */ = {
			isa = XCConfigurationList;
			buildConfigurations = (
				704A6EB72602898700B0EF8F /* Debug */,
				704A6EB82602898700B0EF8F /* Release */,
			);
			defaultConfigurationIsVisible = 0;
			defaultConfigurationName = Release;
		};
		704A6EB92602898700B0EF8F /* Build configuration list for PBXNativeTarget "Read OutUITests" */ = {
			isa = XCConfigurationList;
			buildConfigurations = (
				704A6EBA2602898700B0EF8F /* Debug */,
				704A6EBB2602898700B0EF8F /* Release */,
			);
			defaultConfigurationIsVisible = 0;
			defaultConfigurationName = Release;
		};
/* End XCConfigurationList section */
	};
	rootObject = 704A6E812602898200B0EF8F /* Project object */;
}
